{
  "version": 4,
  "terraform_version": "1.11.4",
  "serial": 7,
  "lineage": "5bd417be-ebf2-3fd1-d147-d85a4f6bf3fa",
  "outputs": {
    "app_url": {
      "value": "http://localhost:8888",
      "type": "string"
    }
  },
  "resources": [
    {
      "mode": "managed",
      "type": "docker_image",
      "name": "app_web",
      "provider": "provider[\"registry.terraform.io/kreuzwerker/docker\"]",
      "instances": [
        {
          "schema_version": 0,
          "attributes": {
            "build": [],
            "force_remove": null,
            "id": "sha256:3904a3895bd2c32be3833aaad66eaf60e156fec9eb465333d11383fedeaf2a58appdynamics/sample-app-web",
            "image_id": "sha256:3904a3895bd2c32be3833aaad66eaf60e156fec9eb465333d11383fedeaf2a58",
            "keep_locally": null,
            "name": "appdynamics/sample-app-web",
            "platform": null,
            "pull_triggers": null,
            "repo_digest": "appdynamics/sample-app-web@sha256:a0c63b33c9aef367e564b059fc6f4a4a249668ff5de52fd467ea534161856616",
            "triggers": null
          },
          "sensitive_attributes": [],
          "private": "bnVsbA=="
        }
      ]
    }
  ],
  "check_results": null
}
